
Microsoft Visual Studio Solution File, Format Version 12.00
# Visual Studio Version 16
VisualStudioVersion = 16.0.34407.143
MinimumVisualStudioVersion = 10.0.40219.1
Project("{FAE04EC0-301F-11D3-BF4B-00C04F79EFBC}") = "Task1", "Task1\Task1.csproj", "{F953E187-1824-475A-8438-B4D000655B54}"
EndProject
Project("{FAE04EC0-301F-11D3-BF4B-00C04F79EFBC}") = "Task2", "Task2\Task2.csproj", "{6AF05E45-60E9-466A-BC1C-A3CA46DD8403}"
EndProject
Project("{FAE04EC0-301F-11D3-BF4B-00C04F79EFBC}") = "Task3", "Task3\Task3.csproj", "{12EDD0D1-0569-480E-B20A-E8662BAD32E3}"
EndProject
Project("{FAE04EC0-301F-11D3-BF4B-00C04F79EFBC}") = "Task4", "Task4\Task4.csproj", "{C38654FC-03C5-4E84-9711-8B3680DD1F43}"
EndProject
Project("{FAE04EC0-301F-11D3-BF4B-00C04F79EFBC}") = "Task5", "Task5\Task5.csproj", "{699D9375-78FF-4341-9ACA-42481E480C87}"
EndProject
Global
	GlobalSection(SolutionConfigurationPlatforms) = preSolution
		Debug|Any CPU = Debug|Any CPU
		Release|Any CPU = Release|Any CPU
	EndGlobalSection
	GlobalSection(ProjectConfigurationPlatforms) = postSolution
		{F953E187-1824-475A-8438-B4D000655B54}.Debug|Any CPU.ActiveCfg = Debug|Any CPU
		{F953E187-1824-475A-8438-B4D000655B54}.Debug|Any CPU.Build.0 = Debug|Any CPU
		{F953E187-1824-475A-8438-B4D000655B54}.Release|Any CPU.ActiveCfg = Release|Any CPU
		{F953E187-1824-475A-8438-B4D000655B54}.Release|Any CPU.Build.0 = Release|Any CPU
		{6AF05E45-60E9-466A-BC1C-A3CA46DD8403}.Debug|Any CPU.ActiveCfg = Debug|Any CPU
		{6AF05E45-60E9-466A-BC1C-A3CA46DD8403}.Debug|Any CPU.Build.0 = Debug|Any CPU
		{6AF05E45-60E9-466A-BC1C-A3CA46DD8403}.Release|Any CPU.ActiveCfg = Release|Any CPU
		{6AF05E45-60E9-466A-BC1C-A3CA46DD8403}.Release|Any CPU.Build.0 = Release|Any CPU
		{12EDD0D1-0569-480E-B20A-E8662BAD32E3}.Debug|Any CPU.ActiveCfg = Debug|Any CPU
		{12EDD0D1-0569-480E-B20A-E8662BAD32E3}.Debug|Any CPU.Build.0 = Debug|Any CPU
		{12EDD0D1-0569-480E-B20A-E8662BAD32E3}.Release|Any CPU.ActiveCfg = Release|Any CPU
		{12EDD0D1-0569-480E-B20A-E8662BAD32E3}.Release|Any CPU.Build.0 = Release|Any CPU
		{C38654FC-03C5-4E84-9711-8B3680DD1F43}.Debug|Any CPU.ActiveCfg = Debug|Any CPU
		{C38654FC-03C5-4E84-9711-8B3680DD1F43}.Debug|Any CPU.Build.0 = Debug|Any CPU
		{C38654FC-03C5-4E84-9711-8B3680DD1F43}.Release|Any CPU.ActiveCfg = Release|Any CPU
		{C38654FC-03C5-4E84-9711-8B3680DD1F43}.Release|Any CPU.Build.0 = Release|Any CPU
		{699D9375-78FF-4341-9ACA-42481E480C87}.Debug|Any CPU.ActiveCfg = Debug|Any CPU
		{699D9375-78FF-4341-9ACA-42481E480C87}.Debug|Any CPU.Build.0 = Debug|Any CPU
		{699D9375-78FF-4341-9ACA-42481E480C87}.Release|Any CPU.ActiveCfg = Release|Any CPU
		{699D9375-78FF-4341-9ACA-42481E480C87}.Release|Any CPU.Build.0 = Release|Any CPU
	EndGlobalSection
	GlobalSection(SolutionProperties) = preSolution
		HideSolutionNode = FALSE
	EndGlobalSection
	GlobalSection(ExtensibilityGlobals) = postSolution
		SolutionGuid = {AD0BB1D8-AED8-4EA8-AF86-2F03B27F73B1}
	EndGlobalSection
EndGlobal
